Microsoft Visual Studio Solution File, Format Version 12.00
# Visual Studio Version 17
VisualStudioVersion = 17.5.2.0
MinimumVisualStudioVersion = 10.0.40219.1
Project("{FAE04EC0-301F-11D3-BF4B-00C04F79EFBC}") = "DealsManagement", "DealsManagement.csproj", "{55AC19BF-DCF8-292F-98B6-6A1F2E7A485F}"
EndProject
Global
	GlobalSection(SolutionConfigurationPlatforms) = preSolution
		Debug|Any CPU = Debug|Any CPU
		Release|Any CPU = Release|Any CPU
	EndGlobalSection
	GlobalSection(ProjectConfigurationPlatforms) = postSolution
		{55AC19BF-DCF8-292F-98B6-6A1F2E7A485F}.Debug|Any CPU.ActiveCfg = Debug|Any CPU
		{55AC19BF-DCF8-292F-98B6-6A1F2E7A485F}.Debug|Any CPU.Build.0 = Debug|Any CPU
		{55AC19BF-DCF8-292F-98B6-6A1F2E7A485F}.Release|Any CPU.ActiveCfg = Release|Any CPU
		{55AC19BF-DCF8-292F-98B6-6A1F2E7A485F}.Release|Any CPU.Build.0 = Release|Any CPU
	EndGlobalSection
	GlobalSection(SolutionProperties) = preSolution
		HideSolutionNode = FALSE
	EndGlobalSection
	GlobalSection(ExtensibilityGlobals) = postSolution
		SolutionGuid = {B1A0AE6D-FB23-4DB9-BE8C-6E3F6554F02C}
	EndGlobalSection
EndGlobal
